github.com/aybabtme/rgbterm v0.0.0-20170906152045-cc83f3b3ce59 h1:WWB576BN5zNSZc/M9d/10pqEx5VHNhaQ/yOVAkmj5Yo=
github.com/aybabtme/rgbterm v0.0.0-20170906152045-cc83f3b3ce59/go.mod h1:q/89r3U2H7sSsE2t6Kca0lfwTK8JdoNGS/yzM/4iH5I=
github.com/liipx/gdict v0.0.0-20181021105648-93025599ec87 h1:dzJgCAYgovzJzrgPNkfElGwrZok2oHpwsyTY6SpB9Dk=
github.com/liipx/gdict v0.0.0-20181021105648-93025599ec87/go.mod h1:5Ndi5/6cdRdDQYkGTfGwbHseEl2o2K9c2TrXwRoYpzc=
